// !$*UTF8*$!
{
	archiveVersion = 1;
	classes = {
	};
	objectVersion = 56;
	objects = {

/* Begin PBXBuildFile section */
		8148BBDD2A58789000D43638 /* AppDelegate.swift in Sources */ = {isa = PBXBuildFile; fileRef = 8148BBDC2A58789000D43638 /* AppDelegate.swift */; };
		8148BBDF2A58789000D43638 /* SceneDelegate.swift in Sources */ = {isa = PBXBuildFile; fileRef = 8148BBDE2A58789000D43638 /* SceneDelegate.swift */; };
		8148BBE12A58789000D43638 /* ViewController.swift in Sources */ = {isa = PBXBuildFile; fileRef = 8148BBE02A58789000D43638 /* ViewController.swift */; };
		8148BBE42A58789000D43638 /* Main.storyboard in Resources */ = {isa = PBXBuildFile; fileRef = 8148BBE22A58789000D43638 /* Main.storyboard */; };
		8148BBE62A58789200D43638 /* Assets.xcassets in Resources */ = {isa = PBXBuildFile; fileRef = 8148BBE52A58789200D43638 /* Assets.xcassets */; };
		8148BBE92A58789200D43638 /* LaunchScreen.storyboard in Resources */ = {isa = PBXBuildFile; fileRef = 8148BBE72A58789200D43638 /* LaunchScreen.storyboard */; };
		8148BBF22A5878B500D43638 /* modelPodataka.swift in Sources */ = {isa = PBXBuildFile; fileRef = 8148BBF12A5878B500D43638 /* modelPodataka.swift */; };
		8148BC3D2A5C59C700D43638 /* Parking.jpg in Resources */ = {isa = PBXBuildFile; fileRef = 8148BC3C2A5C59C700D43638 /* Parking.jpg */; };
		819213782A6537A100BBF9DE /* ViewController2.swift in Sources */ = {isa = PBXBuildFile; fileRef = 819213772A6537A100BBF9DE /* ViewController2.swift */; };
/* End PBXBuildFile section */

/* Begin PBXFileReference section */
		8148BBD92A58788F00D43638 /* Konsijerz.app */ = {isa = PBXFileReference; explicitFileType = wrapper.application; includeInIndex = 0; path = Konsijerz.app; sourceTree = BUILT_PRODUCTS_DIR; };
		8148BBDC2A58789000D43638 /* AppDelegate.swift */ = {isa = PBXFileReference; lastKnownFileType = sourcecode.swift; path = AppDelegate.swift; sourceTree = "<group>"; };
		8148BBDE2A58789000D43638 /* SceneDelegate.swift */ = {isa = PBXFileReference; lastKnownFileType = sourcecode.swift; path = SceneDelegate.swift; sourceTree = "<group>"; };
		8148BBE02A58789000D43638 /* ViewController.swift */ = {isa = PBXFileReference; lastKnownFileType = sourcecode.swift; path = ViewController.swift; sourceTree = "<group>"; };
		8148BBE32A58789000D43638 /* Base */ = {isa = PBXFileReference; lastKnownFileType = file.storyboard; name = Base; path = Base.lproj/Main.storyboard; sourceTree = "<group>"; };
		8148BBE52A58789200D43638 /* Assets.xcassets */ = {isa = PBXFileReference; lastKnownFileType = folder.assetcatalog; path = Assets.xcassets; sourceTree = "<group>"; };
		8148BBE82A58789200D43638 /* Base */ = {isa = PBXFileReference; lastKnownFileType = file.storyboard; name = Base; path = Base.lproj/LaunchScreen.storyboard; sourceTree = "<group>"; };
		8148BBEA2A58789200D43638 /* Info.plist */ = {isa = PBXFileReference; lastKnownFileType = text.plist.xml; path = Info.plist; sourceTree = "<group>"; };
		8148BBF12A5878B500D43638 /* modelPodataka.swift */ = {isa = PBXFileReference; lastKnownFileType = sourcecode.swift; path = modelPodataka.swift; sourceTree = "<group>"; };
		8148BC3C2A5C59C700D43638 /* Parking.jpg */ = {isa = PBXFileReference; lastKnownFileType = image.jpeg; path = Parking.jpg; sourceTree = "<group>"; };
		819213772A6537A100BBF9DE /* ViewController2.swift */ = {isa = PBXFileReference; lastKnownFileType = sourcecode.swift; path = ViewController2.swift; sourceTree = "<group>"; };
/* End PBXFileReference section */

/* Begin PBXFrameworksBuildPhase section */
		8148BBD62A58788F00D43638 /* Frameworks */ = {
			isa = PBXFrameworksBuildPhase;
			buildActionMask = 2147483647;
			files = (
			);
			runOnlyForDeploymentPostprocessing = 0;
		};
/* End PBXFrameworksBuildPhase section */

/* Begin PBXGroup section */
		8148BBD02A58788F00D43638 = {
			isa = PBXGroup;
			children = (
				8148BBDB2A58789000D43638 /* Konsijerz */,
				8148BBDA2A58788F00D43638 /* Products */,
			);
			sourceTree = "<group>";
		};
		8148BBDA2A58788F00D43638 /* Products */ = {
			isa = PBXGroup;
			children = (
				8148BBD92A58788F00D43638 /* Konsijerz.app */,
			);
			name = Products;
			sourceTree = "<group>";
		};
		8148BBDB2A58789000D43638 /* Konsijerz */ = {
			isa = PBXGroup;
			children = (
				8148BBF02A5878A400D43638 /* Model */,
				8148BBDC2A58789000D43638 /* AppDelegate.swift */,
				8148BBDE2A58789000D43638 /* SceneDelegate.swift */,
				8148BBE02A58789000D43638 /* ViewController.swift */,
				8148BBE22A58789000D43638 /* Main.storyboard */,
				819213772A6537A100BBF9DE /* ViewController2.swift */,
				8148BC3C2A5C59C700D43638 /* Parking.jpg */,
				8148BBE52A58789200D43638 /* Assets.xcassets */,
				8148BBE72A58789200D43638 /* LaunchScreen.storyboard */,
				8148BBEA2A58789200D43638 /* Info.plist */,
			);
			path = Konsijerz;
			sourceTree = "<group>";
		};
		8148BBF02A5878A400D43638 /* Model */ = {
			isa = PBXGroup;
			children = (
				8148BBF12A5878B500D43638 /* modelPodataka.swift */,
			);
			path = Model;
			sourceTree = "<group>";
		};
/* End PBXGroup section */

/* Begin PBXNativeTarget section */
		8148BBD82A58788F00D43638 /* Konsijerz */ = {
			isa = PBXNativeTarget;
			buildConfigurationList = 8148BBED2A58789200D43638 /* Build configuration list for PBXNativeTarget "Konsijerz" */;
			buildPhases = (
				8148BBD52A58788F00D43638 /* Sources */,
				8148BBD62A58788F00D43638 /* Frameworks */,
				8148BBD72A58788F00D43638 /* Resources */,
			);
			buildRules = (
			);
			dependencies = (
			);
			name = Konsijerz;
			productName = Konsijerz;
			productReference = 8148BBD92A58788F00D43638 /* Konsijerz.app */;
			productType = "com.apple.product-type.application";
		};
/* End PBXNativeTarget section */

/* Begin PBXProject section */
		8148BBD12A58788F00D43638 /* Project object */ = {
			isa = PBXProject;
			attributes = {
				BuildIndependentTargetsInParallel = 1;
				LastSwiftUpdateCheck = 1420;
				LastUpgradeCheck = 1420;
				TargetAttributes = {
					8148BBD82A58788F00D43638 = {
						CreatedOnToolsVersion = 14.2;
					};
				};
			};
			buildConfigurationList = 8148BBD42A58788F00D43638 /* Build configuration list for PBXProject "Konsijerz" */;
			compatibilityVersion = "Xcode 14.0";
			developmentRegion = en;
			hasScannedForEncodings = 0;
			knownRegions = (
				en,
				Base,
			);
			mainGroup = 8148BBD02A58788F00D43638;
			productRefGroup = 8148BBDA2A58788F00D43638 /* Products */;
			projectDirPath = "";
			projectRoot = "";
			targets = (
				8148BBD82A58788F00D43638 /* Konsijerz */,
			);
		};
/* End PBXProject section */

/* Begin PBXResourcesBuildPhase section */
		8148BBD72A58788F00D43638 /* Resources */ = {
			isa = PBXResourcesBuildPhase;
			buildActionMask = 2147483647;
			files = (
				8148BBE92A58789200D43638 /* LaunchScreen.storyboard in Resources */,
				8148BC3D2A5C59C700D43638 /* Parking.jpg in Resources */,
				8148BBE62A58789200D43638 /* Assets.xcassets in Resources */,
				8148BBE42A58789000D43638 /* Main.storyboard in Resources */,
			);
			runOnlyForDeploymentPostprocessing = 0;
		};
/* End PBXResourcesBuildPhase section */

/* Begin PBXSourcesBuildPhase section */
		8148BBD52A58788F00D43638 /* Sources */ = {
			isa = PBXSourcesBuildPhase;
			buildActionMask = 2147483647;
			files = (
				819213782A6537A100BBF9DE /* ViewController2.swift in Sources */,
				8148BBF22A5878B500D43638 /* modelPodataka.swift in Sources */,
				8148BBE12A58789000D43638 /* ViewController.swift in Sources */,
				8148BBDD2A58789000D43638 /* AppDelegate.swift in Sources */,
				8148BBDF2A58789000D43638 /* SceneDelegate.swift in Sources */,
			);
			runOnlyForDeploymentPostprocessing = 0;
		};
/* End PBXSourcesBuildPhase section */

/* Begin PBXVariantGroup section */
		8148BBE22A58789000D43638 /* Main.storyboard */ = {
			isa = PBXVariantGroup;
			children = (
				8148BBE32A58789000D43638 /* Base */,
			);
			name = Main.storyboard;
			sourceTree = "<group>";
		};
		8148BBE72A58789200D43638 /* LaunchScreen.storyboard */ = {
			isa = PBXVariantGroup;
			children = (
				8148BBE82A58789200D43638 /* Base */,
			);
			name = LaunchScreen.storyboard;
			sourceTree = "<group>";
		};
/* End PBXVariantGroup section */

/* Begin XCBuildConfiguration section */
		8148BBEB2A58789200D43638 /* Debug */ = {
			isa = XCBuildConfiguration;
			buildSettings = {
				ALWAYS_SEARCH_USER_PATHS = NO;
				CLANG_ANALYZER_NONNULL = YES;
				CLANG_ANALYZER_NUMBER_OBJECT_CONVERSION = YES_AGGRESSIVE;
				CLANG_CXX_LANGUAGE_STANDARD = "gnu++20";
				CLANG_ENABLE_MODULES = YES;
				CLANG_ENABLE_OBJC_ARC = YES;
				CLANG_ENABLE_OBJC_WEAK = YES;
				CLANG_WARN_BLOCK_CAPTURE_AUTORELEASING = YES;
				CLANG_WARN_BOOL_CONVERSION = YES;
				CLANG_WARN_COMMA = YES;
				CLANG_WARN_CONSTANT_CONVERSION = YES;
				CLANG_WARN_DEPRECATED_OBJC_IMPLEMENTATIONS = YES;
				CLANG_WARN_DIRECT_OBJC_ISA_USAGE = YES_ERROR;
				CLANG_WARN_DOCUMENTATION_COMMENTS = YES;
				CLANG_WARN_EMPTY_BODY = YES;
				CLANG_WARN_ENUM_CONVERSION = YES;
				CLANG_WARN_INFINITE_RECURSION = YES;
				CLANG_WARN_INT_CONVERSION = YES;
				CLANG_WARN_NON_LITERAL_NULL_CONVERSION = YES;
				CLANG_WARN_OBJC_IMPLICIT_RETAIN_SELF = YES;
				CLANG_WARN_OBJC_LITERAL_CONVERSION = YES;
				CLANG_WARN_OBJC_ROOT_CLASS = YES_ERROR;
				CLANG_WARN_QUOTED_INCLUDE_IN_FRAMEWORK_HEADER = YES;
				CLANG_WARN_RANGE_LOOP_ANALYSIS = YES;
				CLANG_WARN_STRICT_PROTOTYPES = YES;
				CLANG_WARN_SUSPICIOUS_MOVE = YES;
				CLANG_WARN_UNGUARDED_AVAILABILITY = YES_AGGRESSIVE;
				CLANG_WARN_UNREACHABLE_CODE = YES;
				CLANG_WARN__DUPLICATE_METHOD_MATCH = YES;
				COPY_PHASE_STRIP = NO;
				DEBUG_INFORMATION_FORMAT = dwarf;
				ENABLE_STRICT_OBJC_MSGSEND = YES;
				ENABLE_TESTABILITY = YES;
				GCC_C_LANGUAGE_STANDARD = gnu11;
				GCC_DYNAMIC_NO_PIC = NO;
				GCC_NO_COMMON_BLOCKS = YES;
				GCC_OPTIMIZATION_LEVEL = 0;
				GCC_PREPROCESSOR_DEFINITIONS = (
					"DEBUG=1",
					"$(inherited)",
				);
				GCC_WARN_64_TO_32_BIT_CONVERSION = YES;
				GCC_WARN_ABOUT_RETURN_TYPE = YES_ERROR;
				GCC_WARN_UNDECLARED_SELECTOR = YES;
				GCC_WARN_UNINITIALIZED_AUTOS = YES_AGGRESSIVE;
				GCC_WARN_UNUSED_FUNCTION = YES;
				GCC_WARN_UNUSED_VARIABLE = YES;
				IPHONEOS_DEPLOYMENT_TARGET = 16.2;
				MTL_ENABLE_DEBUG_INFO = INCLUDE_SOURCE;
				MTL_FAST_MATH = YES;
				ONLY_ACTIVE_ARCH = YES;
				SDKROOT = iphoneos;
				SWIFT_ACTIVE_COMPILATION_CONDITIONS = DEBUG;
				SWIFT_OPTIMIZATION_LEVEL = "-Onone";
			};
			name = Debug;
		};
		8148BBEC2A58789200D43638 /* Release */ = {
			isa = XCBuildConfiguration;
			buildSettings = {
				ALWAYS_SEARCH_USER_PATHS = NO;
				CLANG_ANALYZER_NONNULL = YES;
				CLANG_ANALYZER_NUMBER_OBJECT_CONVERSION = YES_AGGRESSIVE;
				CLANG_CXX_LANGUAGE_STANDARD = "gnu++20";
				CLANG_ENABLE_MODULES = YES;
				CLANG_ENABLE_OBJC_ARC = YES;
				CLANG_ENABLE_OBJC_WEAK = YES;
				CLANG_WARN_BLOCK_CAPTURE_AUTORELEASING = YES;
				CLANG_WARN_BOOL_CONVERSION = YES;
				CLANG_WARN_COMMA = YES;
				CLANG_WARN_CONSTANT_CONVERSION = YES;
				CLANG_WARN_DEPRECATED_OBJC_IMPLEMENTATIONS = YES;
				CLANG_WARN_DIRECT_OBJC_ISA_USAGE = YES_ERROR;
				CLANG_WARN_DOCUMENTATION_COMMENTS = YES;
				CLANG_WARN_EMPTY_BODY = YES;
				CLANG_WARN_ENUM_CONVERSION = YES;
				CLANG_WARN_INFINITE_RECURSION = YES;
				CLANG_WARN_INT_CONVERSION = YES;
				CLANG_WARN_NON_LITERAL_NULL_CONVERSION = YES;
				CLANG_WARN_OBJC_IMPLICIT_RETAIN_SELF = YES;
				CLANG_WARN_OBJC_LITERAL_CONVERSION = YES;
				CLANG_WARN_OBJC_ROOT_CLASS = YES_ERROR;
				CLANG_WARN_QUOTED_INCLUDE_IN_FRAMEWORK_HEADER = YES;
				CLANG_WARN_RANGE_LOOP_ANALYSIS = YES;
				CLANG_WARN_STRICT_PROTOTYPES = YES;
				CLANG_WARN_SUSPICIOUS_MOVE = YES;
				CLANG_WARN_UNGUARDED_AVAILABILITY = YES_AGGRESSIVE;
				CLANG_WARN_UNREACHABLE_CODE = YES;
				CLANG_WARN__DUPLICATE_METHOD_MATCH = YES;
				COPY_PHASE_STRIP = NO;
				DEBUG_INFORMATION_FORMAT = "dwarf-with-dsym";
				ENABLE_NS_ASSERTIONS = NO;
				ENABLE_STRICT_OBJC_MSGSEND = YES;
				GCC_C_LANGUAGE_STANDARD = gnu11;
				GCC_NO_COMMON_BLOCKS = YES;
				GCC_WARN_64_TO_32_BIT_CONVERSION = YES;
				GCC_WARN_ABOUT_RETURN_TYPE = YES_ERROR;
				GCC_WARN_UNDECLARED_SELECTOR = YES;
				GCC_WARN_UNINITIALIZED_AUTOS = YES_AGGRESSIVE;
				GCC_WARN_UNUSED_FUNCTION = YES;
				GCC_WARN_UNUSED_VARIABLE = YES;
				IPHONEOS_DEPLOYMENT_TARGET = 16.2;
				MTL_ENABLE_DEBUG_INFO = NO;
				MTL_FAST_MATH = YES;
				SDKROOT = iphoneos;
				SWIFT_COMPILATION_MODE = wholemodule;
				SWIFT_OPTIMIZATION_LEVEL = "-O";
				VALIDATE_PRODUCT = YES;
			};
			name = Release;
		};
		8148BBEE2A58789200D43638 /* Debug */ = {
			isa = XCBuildConfiguration;
			buildSettings = {
				ASSETCATALOG_COMPILER_APPICON_NAME = AppIcon;
				ASSETCATALOG_COMPILER_GLOBAL_ACCENT_COLOR_NAME = AccentColor;
				CODE_SIGN_STYLE = Automatic;
				CURRENT_PROJECT_VERSION = 1;
				GENERATE_INFOPLIST_FILE = YES;
				INFOPLIST_FILE = Konsijerz/Info.plist;
				INFOPLIST_KEY_UIApplicationSupportsIndirectInputEvents = YES;
				INFOPLIST_KEY_UILaunchStoryboardName = LaunchScreen;
				INFOPLIST_KEY_UIMainStoryboardFile = Main;
				INFOPLIST_KEY_UISupportedInterfaceOrientations_iPad = "UIInterfaceOrientationPortrait UIInterfaceOrientationPortraitUpsideDown UIInterfaceOrientationLandscapeLeft UIInterfaceOrientationLandscapeRight";
				INFOPLIST_KEY_UISupportedInterfaceOrientations_iPhone = "UIInterfaceOrientationPortrait UIInterfaceOrientationLandscapeLeft UIInterfaceOrientationLandscapeRight";
				LD_RUNPATH_SEARCH_PATHS = (
					"$(inherited)",
					"@executable_path/Frameworks",
				);
				MARKETING_VERSION = 1.0;
				PRODUCT_BUNDLE_IDENTIFIER = com.nikolailic.Konsijerz;
				PRODUCT_NAME = "$(TARGET_NAME)";
				SWIFT_EMIT_LOC_STRINGS = YES;
				SWIFT_VERSION = 5.0;
				TARGETED_DEVICE_FAMILY = "1,2";
			};
			name = Debug;
		};
		8148BBEF2A58789200D43638 /* Release */ = {
			isa = XCBuildConfiguration;
			buildSettings = {
				ASSETCATALOG_COMPILER_APPICON_NAME = AppIcon;
				ASSETCATALOG_COMPILER_GLOBAL_ACCENT_COLOR_NAME = AccentColor;
				CODE_SIGN_STYLE = Automatic;
				CURRENT_PROJECT_VERSION = 1;
				GENERATE_INFOPLIST_FILE = YES;
				INFOPLIST_FILE = Konsijerz/Info.plist;
				INFOPLIST_KEY_UIApplicationSupportsIndirectInputEvents = YES;
				INFOPLIST_KEY_UILaunchStoryboardName = LaunchScreen;
				INFOPLIST_KEY_UIMainStoryboardFile = Main;
				INFOPLIST_KEY_UISupportedInterfaceOrientations_iPad = "UIInterfaceOrientationPortrait UIInterfaceOrientationPortraitUpsideDown UIInterfaceOrientationLandscapeLeft UIInterfaceOrientationLandscapeRight";
				INFOPLIST_KEY_UISupportedInterfaceOrientations_iPhone = "UIInterfaceOrientationPortrait UIInterfaceOrientationLandscapeLeft UIInterfaceOrientationLandscapeRight";
				LD_RUNPATH_SEARCH_PATHS = (
					"$(inherited)",
					"@executable_path/Frameworks",
				);
				MARKETING_VERSION = 1.0;
				PRODUCT_BUNDLE_IDENTIFIER = com.nikolailic.Konsijerz;
				PRODUCT_NAME = "$(TARGET_NAME)";
				SWIFT_EMIT_LOC_STRINGS = YES;
				SWIFT_VERSION = 5.0;
				TARGETED_DEVICE_FAMILY = "1,2";
			};
			name = Release;
		};
/* End XCBuildConfiguration section */

/* Begin XCConfigurationList section */
		8148BBD42A58788F00D43638 /* Build configuration list for PBXProject "Konsijerz" */ = {
			isa = XCConfigurationList;
			buildConfigurations = (
				8148BBEB2A58789200D43638 /* Debug */,
				8148BBEC2A58789200D43638 /* Release */,
			);
			defaultConfigurationIsVisible = 0;
			defaultConfigurationName = Release;
		};
		8148BBED2A58789200D43638 /* Build configuration list for PBXNativeTarget "Konsijerz" */ = {
			isa = XCConfigurationList;
			buildConfigurations = (
				8148BBEE2A58789200D43638 /* Debug */,
				8148BBEF2A58789200D43638 /* Release */,
			);
			defaultConfigurationIsVisible = 0;
			defaultConfigurationName = Release;
		};
/* End XCConfigurationList section */
	};
	rootObject = 8148BBD12A58788F00D43638 /* Project object */;
}
